// !$*UTF8*$!
{
	archiveVersion = 1;
	classes = {
	};
	objectVersion = 51;
	objects = {

/* Begin PBXBuildFile section */
		60758A2524BA8CE6B4A6DED7 /* Pods_MakeItSo.framework in Frameworks */ = {isa = PBXBuildFile; fileRef = 7389934F4E83C47499E91BB4 /* Pods_MakeItSo.framework */; };
		88169CC623C8A081009CFC9C /* AppDelegate.swift in Sources */ = {isa = PBXBuildFile; fileRef = 88169CC523C8A081009CFC9C /* AppDelegate.swift */; };
		88169CC823C8A081009CFC9C /* SceneDelegate.swift in Sources */ = {isa = PBXBuildFile; fileRef = 88169CC723C8A081009CFC9C /* SceneDelegate.swift */; };
		88169CCA23C8A081009CFC9C /* TaskListView.swift in Sources */ = {isa = PBXBuildFile; fileRef = 88169CC923C8A081009CFC9C /* TaskListView.swift */; };
		88169CCC23C8A083009CFC9C /* Assets.xcassets in Resources */ = {isa = PBXBuildFile; fileRef = 88169CCB23C8A083009CFC9C /* Assets.xcassets */; };
		88169CCF23C8A083009CFC9C /* Preview Assets.xcassets in Resources */ = {isa = PBXBuildFile; fileRef = 88169CCE23C8A083009CFC9C /* Preview Assets.xcassets */; };
		88169CD223C8A083009CFC9C /* LaunchScreen.storyboard in Resources */ = {isa = PBXBuildFile; fileRef = 88169CD023C8A083009CFC9C /* LaunchScreen.storyboard */; };
		88169CDD23C8A455009CFC9C /* Task.swift in Sources */ = {isa = PBXBuildFile; fileRef = 88169CDC23C8A455009CFC9C /* Task.swift */; };
		88D22F5D23CCC5D5003C6D03 /* TaskListViewModel.swift in Sources */ = {isa = PBXBuildFile; fileRef = 88D22F5C23CCC5D5003C6D03 /* TaskListViewModel.swift */; };
		88D22F5F23CCC5E6003C6D03 /* TaskCellViewModel.swift in Sources */ = {isa = PBXBuildFile; fileRef = 88D22F5E23CCC5E6003C6D03 /* TaskCellViewModel.swift */; };
		88D22F8223CDDC73003C6D03 /* TaskRepository.swift in Sources */ = {isa = PBXBuildFile; fileRef = 88D22F8123CDDC73003C6D03 /* TaskRepository.swift */; };
		88D22F8423CDDE13003C6D03 /* AppDelegate+Injection.swift in Sources */ = {isa = PBXBuildFile; fileRef = 88D22F8323CDDE13003C6D03 /* AppDelegate+Injection.swift */; };
/* End PBXBuildFile section */

/* Begin PBXFileReference section */
		6CA57FACA66B563CF5EFACEC /* Pods-MakeItSo.release.xcconfig */ = {isa = PBXFileReference; includeInIndex = 1; lastKnownFileType = text.xcconfig; name = "Pods-MakeItSo.release.xcconfig"; path = "Target Support Files/Pods-MakeItSo/Pods-MakeItSo.release.xcconfig"; sourceTree = "<group>"; };
		7389934F4E83C47499E91BB4 /* Pods_MakeItSo.framework */ = {isa = PBXFileReference; explicitFileType = wrapper.framework; includeInIndex = 0; path = Pods_MakeItSo.framework; sourceTree = BUILT_PRODUCTS_DIR; };
		88169CC223C8A081009CFC9C /* Make It So.app */ = {isa = PBXFileReference; explicitFileType = wrapper.application; includeInIndex = 0; path = "Make It So.app"; sourceTree = BUILT_PRODUCTS_DIR; };
		88169CC523C8A081009CFC9C /* AppDelegate.swift */ = {isa = PBXFileReference; lastKnownFileType = sourcecode.swift; path = AppDelegate.swift; sourceTree = "<group>"; };
		88169CC723C8A081009CFC9C /* SceneDelegate.swift */ = {isa = PBXFileReference; lastKnownFileType = sourcecode.swift; path = SceneDelegate.swift; sourceTree = "<group>"; };
		88169CC923C8A081009CFC9C /* TaskListView.swift */ = {isa = PBXFileReference; lastKnownFileType = sourcecode.swift; path = TaskListView.swift; sourceTree = "<group>"; };
		88169CCB23C8A083009CFC9C /* Assets.xcassets */ = {isa = PBXFileReference; lastKnownFileType = folder.assetcatalog; path = Assets.xcassets; sourceTree = "<group>"; };
		88169CCE23C8A083009CFC9C /* Preview Assets.xcassets */ = {isa = PBXFileReference; lastKnownFileType = folder.assetcatalog; path = "Preview Assets.xcassets"; sourceTree = "<group>"; };
		88169CD123C8A083009CFC9C /* Base */ = {isa = PBXFileReference; lastKnownFileType = file.storyboard; name = Base; path = Base.lproj/LaunchScreen.storyboard; sourceTree = "<group>"; };
		88169CD323C8A083009CFC9C /* Info.plist */ = {isa = PBXFileReference; lastKnownFileType = text.plist.xml; path = Info.plist; sourceTree = "<group>"; };
		88169CDC23C8A455009CFC9C /* Task.swift */ = {isa = PBXFileReference; lastKnownFileType = sourcecode.swift; path = Task.swift; sourceTree = "<group>"; };
		88D22F5C23CCC5D5003C6D03 /* TaskListViewModel.swift */ = {isa = PBXFileReference; lastKnownFileType = sourcecode.swift; path = TaskListViewModel.swift; sourceTree = "<group>"; };
		88D22F5E23CCC5E6003C6D03 /* TaskCellViewModel.swift */ = {isa = PBXFileReference; lastKnownFileType = sourcecode.swift; path = TaskCellViewModel.swift; sourceTree = "<group>"; };
		88D22F8123CDDC73003C6D03 /* TaskRepository.swift */ = {isa = PBXFileReference; lastKnownFileType = sourcecode.swift; path = TaskRepository.swift; sourceTree = "<group>"; };
		88D22F8323CDDE13003C6D03 /* AppDelegate+Injection.swift */ = {isa = PBXFileReference; lastKnownFileType = sourcecode.swift; path = "AppDelegate+Injection.swift"; sourceTree = "<group>"; };
		C1A857703B87962FBD745FCB /* Pods-MakeItSo.debug.xcconfig */ = {isa = PBXFileReference; includeInIndex = 1; lastKnownFileType = text.xcconfig; name = "Pods-MakeItSo.debug.xcconfig"; path = "Target Support Files/Pods-MakeItSo/Pods-MakeItSo.debug.xcconfig"; sourceTree = "<group>"; };
/* End PBXFileReference section */

/* Begin PBXFrameworksBuildPhase section */
		88169CBF23C8A081009CFC9C /* Frameworks */ = {
			isa = PBXFrameworksBuildPhase;
			buildActionMask = 2147483647;
			files = (
				60758A2524BA8CE6B4A6DED7 /* Pods_MakeItSo.framework in Frameworks */,
			);
			runOnlyForDeploymentPostprocessing = 0;
		};
/* End PBXFrameworksBuildPhase section */

/* Begin PBXGroup section */
		88169CB923C8A081009CFC9C = {
			isa = PBXGroup;
			children = (
				88169CC423C8A081009CFC9C /* MakeItSo */,
				88169CC323C8A081009CFC9C /* Products */,
				E4370257533039127F1E8557 /* Pods */,
				8EB657D5200F4D51FDA2B8F1 /* Frameworks */,
			);
			sourceTree = "<group>";
		};
		88169CC323C8A081009CFC9C /* Products */ = {
			isa = PBXGroup;
			children = (
				88169CC223C8A081009CFC9C /* Make It So.app */,
			);
			name = Products;
			sourceTree = "<group>";
		};
		88169CC423C8A081009CFC9C /* MakeItSo */ = {
			isa = PBXGroup;
			children = (
				88169CD923C8A0D6009CFC9C /* App */,
				88D22F8023CDDC4B003C6D03 /* Repositories */,
				88169CDB23C8A1B7009CFC9C /* Models */,
				88D22F5B23CCC5BD003C6D03 /* ViewModels */,
				88169CDA23C8A0EA009CFC9C /* Views */,
				88169CCB23C8A083009CFC9C /* Assets.xcassets */,
				88169CD023C8A083009CFC9C /* LaunchScreen.storyboard */,
				88169CD323C8A083009CFC9C /* Info.plist */,
				88169CCD23C8A083009CFC9C /* Preview Content */,
			);
			path = MakeItSo;
			sourceTree = "<group>";
		};
		88169CCD23C8A083009CFC9C /* Preview Content */ = {
			isa = PBXGroup;
			children = (
				88169CCE23C8A083009CFC9C /* Preview Assets.xcassets */,
			);
			path = "Preview Content";
			sourceTree = "<group>";
		};
		88169CD923C8A0D6009CFC9C /* App */ = {
			isa = PBXGroup;
			children = (
				88169CC523C8A081009CFC9C /* AppDelegate.swift */,
				88169CC723C8A081009CFC9C /* SceneDelegate.swift */,
				88D22F8323CDDE13003C6D03 /* AppDelegate+Injection.swift */,
			);
			path = App;
			sourceTree = "<group>";
		};
		88169CDA23C8A0EA009CFC9C /* Views */ = {
			isa = PBXGroup;
			children = (
				88169CC923C8A081009CFC9C /* TaskListView.swift */,
			);
			path = Views;
			sourceTree = "<group>";
		};
		88169CDB23C8A1B7009CFC9C /* Models */ = {
			isa = PBXGroup;
			children = (
				88169CDC23C8A455009CFC9C /* Task.swift */,
			);
			path = Models;
			sourceTree = "<group>";
		};
		88D22F5B23CCC5BD003C6D03 /* ViewModels */ = {
			isa = PBXGroup;
			children = (
				88D22F5C23CCC5D5003C6D03 /* TaskListViewModel.swift */,
				88D22F5E23CCC5E6003C6D03 /* TaskCellViewModel.swift */,
			);
			path = ViewModels;
			sourceTree = "<group>";
		};
		88D22F8023CDDC4B003C6D03 /* Repositories */ = {
			isa = PBXGroup;
			children = (
				88D22F8123CDDC73003C6D03 /* TaskRepository.swift */,
			);
			path = Repositories;
			sourceTree = "<group>";
		};
		8EB657D5200F4D51FDA2B8F1 /* Frameworks */ = {
			isa = PBXGroup;
			children = (
				7389934F4E83C47499E91BB4 /* Pods_MakeItSo.framework */,
			);
			name = Frameworks;
			sourceTree = "<group>";
		};
		E4370257533039127F1E8557 /* Pods */ = {
			isa = PBXGroup;
			children = (
				C1A857703B87962FBD745FCB /* Pods-MakeItSo.debug.xcconfig */,
				6CA57FACA66B563CF5EFACEC /* Pods-MakeItSo.release.xcconfig */,
			);
			path = Pods;
			sourceTree = "<group>";
		};
/* End PBXGroup section */

/* Begin PBXNativeTarget section */
		88169CC123C8A081009CFC9C /* MakeItSo */ = {
			isa = PBXNativeTarget;
			buildConfigurationList = 88169CD623C8A083009CFC9C /* Build configuration list for PBXNativeTarget "MakeItSo" */;
			buildPhases = (
				0D06D6534C5AA8A0AFD4877A /* [CP] Check Pods Manifest.lock */,
				88169CBE23C8A081009CFC9C /* Sources */,
				88169CBF23C8A081009CFC9C /* Frameworks */,
				88169CC023C8A081009CFC9C /* Resources */,
				CF9E99170C808E6B2B8B9853 /* [CP] Embed Pods Frameworks */,
			);
			buildRules = (
			);
			dependencies = (
			);
			name = MakeItSo;
			productName = MakeItSo;
			productReference = 88169CC223C8A081009CFC9C /* Make It So.app */;
			productType = "com.apple.product-type.application";
		};
/* End PBXNativeTarget section */

/* Begin PBXProject section */
		88169CBA23C8A081009CFC9C /* Project object */ = {
			isa = PBXProject;
			attributes = {
				LastSwiftUpdateCheck = 1130;
				LastUpgradeCheck = 1130;
				ORGANIZATIONNAME = "Google LLC";
				TargetAttributes = {
					88169CC123C8A081009CFC9C = {
						CreatedOnToolsVersion = 11.3;
					};
				};
			};
			buildConfigurationList = 88169CBD23C8A081009CFC9C /* Build configuration list for PBXProject "MakeItSo" */;
			compatibilityVersion = "Xcode 9.3";
			developmentRegion = en;
			hasScannedForEncodings = 0;
			knownRegions = (
				en,
				Base,
			);
			mainGroup = 88169CB923C8A081009CFC9C;
			productRefGroup = 88169CC323C8A081009CFC9C /* Products */;
			projectDirPath = "";
			projectRoot = "";
			targets = (
				88169CC123C8A081009CFC9C /* MakeItSo */,
			);
		};
/* End PBXProject section */

/* Begin PBXResourcesBuildPhase section */
		88169CC023C8A081009CFC9C /* Resources */ = {
			isa = PBXResourcesBuildPhase;
			buildActionMask = 2147483647;
			files = (
				88169CD223C8A083009CFC9C /* LaunchScreen.storyboard in Resources */,
				88169CCF23C8A083009CFC9C /* Preview Assets.xcassets in Resources */,
				88169CCC23C8A083009CFC9C /* Assets.xcassets in Resources */,
			);
			runOnlyForDeploymentPostprocessing = 0;
		};
/* End PBXResourcesBuildPhase section */

/* Begin PBXShellScriptBuildPhase section */
		0D06D6534C5AA8A0AFD4877A /* [CP] Check Pods Manifest.lock */ = {
			isa = PBXShellScriptBuildPhase;
			buildActionMask = 2147483647;
			files = (
			);
			inputFileListPaths = (
			);
			inputPaths = (
				"${PODS_PODFILE_DIR_PATH}/Podfile.lock",
				"${PODS_ROOT}/Manifest.lock",
			);
			name = "[CP] Check Pods Manifest.lock";
			outputFileListPaths = (
			);
			outputPaths = (
				"$(DERIVED_FILE_DIR)/Pods-MakeItSo-checkManifestLockResult.txt",
			);
			runOnlyForDeploymentPostprocessing = 0;
			shellPath = /bin/sh;
			shellScript = "diff \"${PODS_PODFILE_DIR_PATH}/Podfile.lock\" \"${PODS_ROOT}/Manifest.lock\" > /dev/null\nif [ $? != 0 ] ; then\n    # print error to STDERR\n    echo \"error: The sandbox is not in sync with the Podfile.lock. Run 'pod install' or update your CocoaPods installation.\" >&2\n    exit 1\nfi\n# This output is used by Xcode 'outputs' to avoid re-running this script phase.\necho \"SUCCESS\" > \"${SCRIPT_OUTPUT_FILE_0}\"\n";
			showEnvVarsInLog = 0;
		};
		CF9E99170C808E6B2B8B9853 /* [CP] Embed Pods Frameworks */ = {
			isa = PBXShellScriptBuildPhase;
			buildActionMask = 2147483647;
			files = (
			);
			inputFileListPaths = (
				"${PODS_ROOT}/Target Support Files/Pods-MakeItSo/Pods-MakeItSo-frameworks-${CONFIGURATION}-input-files.xcfilelist",
			);
			name = "[CP] Embed Pods Frameworks";
			outputFileListPaths = (
				"${PODS_ROOT}/Target Support Files/Pods-MakeItSo/Pods-MakeItSo-frameworks-${CONFIGURATION}-output-files.xcfilelist",
			);
			runOnlyForDeploymentPostprocessing = 0;
			shellPath = /bin/sh;
			shellScript = "\"${PODS_ROOT}/Target Support Files/Pods-MakeItSo/Pods-MakeItSo-frameworks.sh\"\n";
			showEnvVarsInLog = 0;
		};
/* End PBXShellScriptBuildPhase section */

/* Begin PBXSourcesBuildPhase section */
		88169CBE23C8A081009CFC9C /* Sources */ = {
			isa = PBXSourcesBuildPhase;
			buildActionMask = 2147483647;
			files = (
				88D22F8423CDDE13003C6D03 /* AppDelegate+Injection.swift in Sources */,
				88169CDD23C8A455009CFC9C /* Task.swift in Sources */,
				88169CC623C8A081009CFC9C /* AppDelegate.swift in Sources */,
				88D22F5D23CCC5D5003C6D03 /* TaskListViewModel.swift in Sources */,
				88D22F5F23CCC5E6003C6D03 /* TaskCellViewModel.swift in Sources */,
				88169CC823C8A081009CFC9C /* SceneDelegate.swift in Sources */,
				88169CCA23C8A081009CFC9C /* TaskListView.swift in Sources */,
				88D22F8223CDDC73003C6D03 /* TaskRepository.swift in Sources */,
			);
			runOnlyForDeploymentPostprocessing = 0;
		};
/* End PBXSourcesBuildPhase section */

/* Begin PBXVariantGroup section */
		88169CD023C8A083009CFC9C /* LaunchScreen.storyboard */ = {
			isa = PBXVariantGroup;
			children = (
				88169CD123C8A083009CFC9C /* Base */,
			);
			name = LaunchScreen.storyboard;
			sourceTree = "<group>";
		};
/* End PBXVariantGroup section */

/* Begin XCBuildConfiguration section */
		88169CD423C8A083009CFC9C /* Debug */ = {
			isa = XCBuildConfiguration;
			buildSettings = {
				ALWAYS_SEARCH_USER_PATHS = NO;
				CLANG_ANALYZER_NONNULL = YES;
				CLANG_ANALYZER_NUMBER_OBJECT_CONVERSION = YES_AGGRESSIVE;
				CLANG_CXX_LANGUAGE_STANDARD = "gnu++14";
				CLANG_CXX_LIBRARY = "libc++";
				CLANG_ENABLE_MODULES = YES;
				CLANG_ENABLE_OBJC_ARC = YES;
				CLANG_ENABLE_OBJC_WEAK = YES;
				CLANG_WARN_BLOCK_CAPTURE_AUTORELEASING = YES;
				CLANG_WARN_BOOL_CONVERSION = YES;
				CLANG_WARN_COMMA = YES;
				CLANG_WARN_CONSTANT_CONVERSION = YES;
				CLANG_WARN_DEPRECATED_OBJC_IMPLEMENTATIONS = YES;
				CLANG_WARN_DIRECT_OBJC_ISA_USAGE = YES_ERROR;
				CLANG_WARN_DOCUMENTATION_COMMENTS = YES;
				CLANG_WARN_EMPTY_BODY = YES;
				CLANG_WARN_ENUM_CONVERSION = YES;
				CLANG_WARN_INFINITE_RECURSION = YES;
				CLANG_WARN_INT_CONVERSION = YES;
				CLANG_WARN_NON_LITERAL_NULL_CONVERSION = YES;
				CLANG_WARN_OBJC_IMPLICIT_RETAIN_SELF = YES;
				CLANG_WARN_OBJC_LITERAL_CONVERSION = YES;
				CLANG_WARN_OBJC_ROOT_CLASS = YES_ERROR;
				CLANG_WARN_RANGE_LOOP_ANALYSIS = YES;
				CLANG_WARN_STRICT_PROTOTYPES = YES;
				CLANG_WARN_SUSPICIOUS_MOVE = YES;
				CLANG_WARN_UNGUARDED_AVAILABILITY = YES_AGGRESSIVE;
				CLANG_WARN_UNREACHABLE_CODE = YES;
				CLANG_WARN__DUPLICATE_METHOD_MATCH = YES;
				COPY_PHASE_STRIP = NO;
				DEBUG_INFORMATION_FORMAT = dwarf;
				ENABLE_STRICT_OBJC_MSGSEND = YES;
				ENABLE_TESTABILITY = YES;
				GCC_C_LANGUAGE_STANDARD = gnu11;
				GCC_DYNAMIC_NO_PIC = NO;
				GCC_NO_COMMON_BLOCKS = YES;
				GCC_OPTIMIZATION_LEVEL = 0;
				GCC_PREPROCESSOR_DEFINITIONS = (
					"DEBUG=1",
					"$(inherited)",
				);
				GCC_WARN_64_TO_32_BIT_CONVERSION = YES;
				GCC_WARN_ABOUT_RETURN_TYPE = YES_ERROR;
				GCC_WARN_UNDECLARED_SELECTOR = YES;
				GCC_WARN_UNINITIALIZED_AUTOS = YES_AGGRESSIVE;
				GCC_WARN_UNUSED_FUNCTION = YES;
				GCC_WARN_UNUSED_VARIABLE = YES;
				IPHONEOS_DEPLOYMENT_TARGET = 13.2;
				MTL_ENABLE_DEBUG_INFO = INCLUDE_SOURCE;
				MTL_FAST_MATH = YES;
				ONLY_ACTIVE_ARCH = YES;
				SDKROOT = iphoneos;
				SWIFT_ACTIVE_COMPILATION_CONDITIONS = DEBUG;
				SWIFT_OPTIMIZATION_LEVEL = "-Onone";
			};
			name = Debug;
		};
		88169CD523C8A083009CFC9C /* Release */ = {
			isa = XCBuildConfiguration;
			buildSettings = {
				ALWAYS_SEARCH_USER_PATHS = NO;
				CLANG_ANALYZER_NONNULL = YES;
				CLANG_ANALYZER_NUMBER_OBJECT_CONVERSION = YES_AGGRESSIVE;
				CLANG_CXX_LANGUAGE_STANDARD = "gnu++14";
				CLANG_CXX_LIBRARY = "libc++";
				CLANG_ENABLE_MODULES = YES;
				CLANG_ENABLE_OBJC_ARC = YES;
				CLANG_ENABLE_OBJC_WEAK = YES;
				CLANG_WARN_BLOCK_CAPTURE_AUTORELEASING = YES;
				CLANG_WARN_BOOL_CONVERSION = YES;
				CLANG_WARN_COMMA = YES;
				CLANG_WARN_CONSTANT_CONVERSION = YES;
				CLANG_WARN_DEPRECATED_OBJC_IMPLEMENTATIONS = YES;
				CLANG_WARN_DIRECT_OBJC_ISA_USAGE = YES_ERROR;
				CLANG_WARN_DOCUMENTATION_COMMENTS = YES;
				CLANG_WARN_EMPTY_BODY = YES;
				CLANG_WARN_ENUM_CONVERSION = YES;
				CLANG_WARN_INFINITE_RECURSION = YES;
				CLANG_WARN_INT_CONVERSION = YES;
				CLANG_WARN_NON_LITERAL_NULL_CONVERSION = YES;
				CLANG_WARN_OBJC_IMPLICIT_RETAIN_SELF = YES;
				CLANG_WARN_OBJC_LITERAL_CONVERSION = YES;
				CLANG_WARN_OBJC_ROOT_CLASS = YES_ERROR;
				CLANG_WARN_RANGE_LOOP_ANALYSIS = YES;
				CLANG_WARN_STRICT_PROTOTYPES = YES;
				CLANG_WARN_SUSPICIOUS_MOVE = YES;
				CLANG_WARN_UNGUARDED_AVAILABILITY = YES_AGGRESSIVE;
				CLANG_WARN_UNREACHABLE_CODE = YES;
				CLANG_WARN__DUPLICATE_METHOD_MATCH = YES;
				COPY_PHASE_STRIP = NO;
				DEBUG_INFORMATION_FORMAT = "dwarf-with-dsym";
				ENABLE_NS_ASSERTIONS = NO;
				ENABLE_STRICT_OBJC_MSGSEND = YES;
				GCC_C_LANGUAGE_STANDARD = gnu11;
				GCC_NO_COMMON_BLOCKS = YES;
				GCC_WARN_64_TO_32_BIT_CONVERSION = YES;
				GCC_WARN_ABOUT_RETURN_TYPE = YES_ERROR;
				GCC_WARN_UNDECLARED_SELECTOR = YES;
				GCC_WARN_UNINITIALIZED_AUTOS = YES_AGGRESSIVE;
				GCC_WARN_UNUSED_FUNCTION = YES;
				GCC_WARN_UNUSED_VARIABLE = YES;
				IPHONEOS_DEPLOYMENT_TARGET = 13.2;
				MTL_ENABLE_DEBUG_INFO = NO;
				MTL_FAST_MATH = YES;
				SDKROOT = iphoneos;
				SWIFT_COMPILATION_MODE = wholemodule;
				SWIFT_OPTIMIZATION_LEVEL = "-O";
				VALIDATE_PRODUCT = YES;
			};
			name = Release;
		};
		88169CD723C8A083009CFC9C /* Debug */ = {
			isa = XCBuildConfiguration;
			baseConfigurationReference = C1A857703B87962FBD745FCB /* Pods-MakeItSo.debug.xcconfig */;
			buildSettings = {
				ASSETCATALOG_COMPILER_APPICON_NAME = AppIcon;
				CODE_SIGN_STYLE = Automatic;
				DEVELOPMENT_ASSET_PATHS = "\"MakeItSo/Preview Content\"";
				DEVELOPMENT_TEAM = YGAZHQXHH4;
				ENABLE_PREVIEWS = YES;
				INFOPLIST_FILE = MakeItSo/Info.plist;
				LD_RUNPATH_SEARCH_PATHS = (
					"$(inherited)",
					"@executable_path/Frameworks",
				);
				PRODUCT_BUNDLE_IDENTIFIER = dev.peterfriese.MakeItSo;
				PRODUCT_NAME = "Make It So";
				SWIFT_VERSION = 5.0;
				TARGETED_DEVICE_FAMILY = "1,2";
			};
			name = Debug;
		};
		88169CD823C8A083009CFC9C /* Release */ = {
			isa = XCBuildConfiguration;
			baseConfigurationReference = 6CA57FACA66B563CF5EFACEC /* Pods-MakeItSo.release.xcconfig */;
			buildSettings = {
				ASSETCATALOG_COMPILER_APPICON_NAME = AppIcon;
				CODE_SIGN_STYLE = Automatic;
				DEVELOPMENT_ASSET_PATHS = "\"MakeItSo/Preview Content\"";
				DEVELOPMENT_TEAM = YGAZHQXHH4;
				ENABLE_PREVIEWS = YES;
				INFOPLIST_FILE = MakeItSo/Info.plist;
				LD_RUNPATH_SEARCH_PATHS = (
					"$(inherited)",
					"@executable_path/Frameworks",
				);
				PRODUCT_BUNDLE_IDENTIFIER = dev.peterfriese.MakeItSo;
				PRODUCT_NAME = "Make It So";
				SWIFT_VERSION = 5.0;
				TARGETED_DEVICE_FAMILY = "1,2";
			};
			name = Release;
		};
/* End XCBuildConfiguration section */

/* Begin XCConfigurationList section */
		88169CBD23C8A081009CFC9C /* Build configuration list for PBXProject "MakeItSo" */ = {
			isa = XCConfigurationList;
			buildConfigurations = (
				88169CD423C8A083009CFC9C /* Debug */,
				88169CD523C8A083009CFC9C /* Release */,
			);
			defaultConfigurationIsVisible = 0;
			defaultConfigurationName = Release;
		};
		88169CD623C8A083009CFC9C /* Build configuration list for PBXNativeTarget "MakeItSo" */ = {
			isa = XCConfigurationList;
			buildConfigurations = (
				88169CD723C8A083009CFC9C /* Debug */,
				88169CD823C8A083009CFC9C /* Release */,
			);
			defaultConfigurationIsVisible = 0;
			defaultConfigurationName = Release;
		};
/* End XCConfigurationList section */
	};
	rootObject = 88169CBA23C8A081009CFC9C /* Project object */;
}
